{
  "name": "webgpu",
  "lockfileVersion": 3,
  "requires": true,
  "packages": {
    "": {
      "dependencies": {
        "@math.gl/core": "^4.1.0",
        "wgpu-matrix": "^3.4.0"
      }
    },
    "node_modules/@math.gl/core": {
      "version": "4.1.0",
      "resolved": "https://registry.npmjs.org/@math.gl/core/-/core-4.1.0.tgz",
      "integrity": "sha512-FrdHBCVG3QdrworwrUSzXIaK+/9OCRLscxI2OUy6sLOHyHgBMyfnEGs99/m3KNvs+95BsnQLWklVfpKfQzfwKA==",
      "license": "MIT",
      "dependencies": {
        "@math.gl/types": "4.1.0"
      }
    },
    "node_modules/@math.gl/types": {
      "version": "4.1.0",
      "resolved": "https://registry.npmjs.org/@math.gl/types/-/types-4.1.0.tgz",
      "integrity": "sha512-clYZdHcmRvMzVK5fjeDkQlHUzXQSNdZ7s4xOqC3nJPgz4C/TZkUecTo9YS4PruZqtDda/ag4erndP0MIn40dGA==",
      "license": "MIT"
    },
    "node_modules/wgpu-matrix": {
      "version": "3.4.0",
      "resolved": "https://registry.npmjs.org/wgpu-matrix/-/wgpu-matrix-3.4.0.tgz",
      "integrity": "sha512-kXHrbAPKEn9A32Wf4wVldyx9MmnzwhuB5p8GCqoJP3ItU5+iDT4J3aTQwPZWkfb153hwGtqZtUwR2M+ipJKadg==",
      "license": "MIT"
    }
  }
}
